#MicroXplorer Configuration settings - do not modify
CAD.formats=
CAD.pinconfig=
CAD.provider=
File.Version=6
GPIO.groupedBy=Group By Peripherals
KeepUserPlacement=false
MMTAppRegionsCount=0
MMTConfigApplied=false
Mcu.CPN=STM32WB09KEV6TR
Mcu.Family=STM32WB0
Mcu.IP0=CORTEX_M0+
Mcu.IP1=MEMORYMAP
Mcu.IP10=USART1
Mcu.IP2=NVIC
Mcu.IP3=PKA
Mcu.IP4=PWR
Mcu.IP5=RADIO
Mcu.IP6=RADIO_TIMER
Mcu.IP7=RCC
Mcu.IP8=RNG
Mcu.IP9=SYS
Mcu.IPNb=11
Mcu.Name=STM32WB09KEVx
Mcu.Package=VFQFPN32
Mcu.Pin0=PB2
Mcu.Pin1=PB1
Mcu.Pin10=PB12
Mcu.Pin11=PB5
Mcu.Pin12=PB4
Mcu.Pin13=VP_PKA_VS_PKA
Mcu.Pin14=VP_PWR_VS_SECSignals
Mcu.Pin15=VP_RADIO_TIMER_VS_RADIO
Mcu.Pin16=VP_RNG_VS_RNG
Mcu.Pin17=VP_SYS_VS_Systick
Mcu.Pin18=VP_MEMORYMAP_VS_MEMORYMAP
Mcu.Pin2=PB0
Mcu.Pin3=PA1
Mcu.Pin4=PA0
Mcu.Pin5=RF1
Mcu.Pin6=OSCOUT
Mcu.Pin7=OSCIN
Mcu.Pin8=PB14
Mcu.Pin9=PB13
Mcu.PinsNb=19
Mcu.ThirdPartyNb=0
Mcu.UserConstants=
Mcu.UserName=STM32WB09KEVx
MxCube.Version=6.12.0
MxDb.Version=DB.6.0.120
NVIC.ForceEnableDMAVector=true
NVIC.GPIOA_IRQn=true\:1\:0\:false\:false\:true\:true\:true\:true
NVIC.GPIOB_IRQn=true\:1\:0\:false\:false\:true\:true\:true\:true
NVIC.HardFault_IRQn=true\:0\:0\:false\:false\:true\:false\:false\:false
NVIC.NonMaskableInt_IRQn=true\:0\:0\:false\:false\:true\:false\:false\:false
NVIC.PKA_IRQn=true\:1\:0\:true\:false\:true\:true\:true\:true
NVIC.PendSV_IRQn=true\:0\:0\:false\:false\:true\:false\:false\:false
NVIC.RADIO_TIMER_CPU_WKUP_IRQn=true\:0\:0\:false\:false\:true\:false\:true\:true
NVIC.RADIO_TIMER_ERROR_IRQn=true\:0\:0\:false\:false\:true\:false\:true\:true
NVIC.RADIO_TXRX_IRQn=true\:0\:0\:false\:false\:true\:false\:true\:true
NVIC.RADIO_TXRX_SEQ_IRQn=true\:0\:0\:false\:false\:true\:false\:true\:true
NVIC.SVCall_IRQn=true\:0\:0\:false\:false\:true\:false\:false\:false
NVIC.SysTick_IRQn=true\:3\:0\:false\:false\:true\:false\:true\:false
NVIC.USART1_IRQn=true\:1\:0\:true\:false\:true\:true\:false\:true
OSCIN.Mode=HSE-External-Oscillator
OSCIN.Signal=RCC_OSC_IN
OSCOUT.Mode=HSE-External-Oscillator
OSCOUT.Signal=RCC_OSC_OUT
PA0.GPIOParameters=GPIO_PuPd,GPIO_Label,GPIO_ModeDefaultEXTI
PA0.GPIO_Label=B1
PA0.GPIO_ModeDefaultEXTI=GPIO_MODE_IT_FALLING
PA0.GPIO_PuPd=GPIO_PULLUP
PA0.Locked=true
PA0.Signal=GPXTI0
PA1.Mode=Asynchronous
PA1.Signal=USART1_TX
PB0.Mode=Asynchronous
PB0.Signal=USART1_RX
PB1.GPIOParameters=GPIO_Speed,PinState,GPIO_PuPd,GPIO_Label
PB1.GPIO_Label=LED_BLUE
PB1.GPIO_PuPd=GPIO_PULLUP
PB1.GPIO_Speed=GPIO_SPEED_FREQ_HIGH
PB1.Locked=true
PB1.PinState=GPIO_PIN_SET
PB1.Signal=GPIO_Output
PB12.Mode=LSE-External-Oscillator
PB12.Signal=RCC_OSC32_OUT
PB13.Mode=LSE-External-Oscillator
PB13.Signal=RCC_OSC32_IN
PB14.GPIOParameters=GPIO_PuPd,GPIO_Label,GPIO_ModeDefaultEXTI
PB14.GPIO_Label=B3
PB14.GPIO_ModeDefaultEXTI=GPIO_MODE_IT_FALLING
PB14.GPIO_PuPd=GPIO_PULLUP
PB14.Locked=true
PB14.Signal=GPXTI14
PB2.GPIOParameters=GPIO_Speed,PinState,GPIO_PuPd,GPIO_Label
PB2.GPIO_Label=LED_GREEN
PB2.GPIO_PuPd=GPIO_PULLUP
PB2.GPIO_Speed=GPIO_SPEED_FREQ_HIGH
PB2.Locked=true
PB2.PinState=GPIO_PIN_SET
PB2.Signal=GPIO_Output
PB4.GPIOParameters=GPIO_Speed,PinState,GPIO_PuPd,GPIO_Label
PB4.GPIO_Label=LED_RED
PB4.GPIO_PuPd=GPIO_PULLUP
PB4.GPIO_Speed=GPIO_SPEED_FREQ_HIGH
PB4.Locked=true
PB4.PinState=GPIO_PIN_SET
PB4.Signal=GPIO_Output
PB5.GPIOParameters=GPIO_PuPd,GPIO_Label,GPIO_ModeDefaultEXTI
PB5.GPIO_Label=B2
PB5.GPIO_ModeDefaultEXTI=GPIO_MODE_IT_FALLING
PB5.GPIO_PuPd=GPIO_PULLUP
PB5.Locked=true
PB5.Signal=GPXTI5
PinOutPanel.RotationAngle=0
ProjectManager.AskForMigrate=true
ProjectManager.BackupPrevious=false
ProjectManager.CompilerOptimize=6
ProjectManager.ComputerToolchain=false
ProjectManager.CoupleFile=false
ProjectManager.CustomerFirmwarePackage=
ProjectManager.DefaultFWLocation=true
ProjectManager.DeletePrevious=true
ProjectManager.DeviceId=STM32WB09KEVx
ProjectManager.Example=BLE_WS_WB0_HandsOn
ProjectManager.ExampleSource=CubeFw
ProjectManager.FirmwarePackage=STM32Cube FW_WB0 V1.0.0
ProjectManager.FreePins=false
ProjectManager.HalAssertFull=false
ProjectManager.HeapSize=0x000
ProjectManager.KeepUserCode=true
ProjectManager.LastFirmware=true
ProjectManager.LibraryCopy=2
ProjectManager.MainLocation=Core/Src
ProjectManager.NoMain=false
ProjectManager.PreviousToolchain=
ProjectManager.ProjectBuild=false
ProjectManager.ProjectFileName=BLE_WS_WB0_HandsOn.ioc
ProjectManager.ProjectName=BLE_WS_WB0_HandsOn
ProjectManager.ProjectStructure=
ProjectManager.RegisterCallBack=
ProjectManager.StackSize=0xC00
ProjectManager.TargetToolchain=EWARM V9.30
ProjectManager.ToolChainLocation=
ProjectManager.UAScriptAfterPath=
ProjectManager.UAScriptBeforePath=
ProjectManager.UnderRoot=false
ProjectManager.functionlistsort=1-SystemClock_Config-RCC-false-HAL-false,2-MX_GPIO_Init-GPIO-false-HAL-true,false-3-MX_RNG_Init-RNG-false-HAL-true,4-MX_RADIO_Init-RADIO-false-HAL-true,5-MX_RADIO_TIMER_Init-RADIO_TIMER-false-HAL-true,6-MX_PKA_Init-PKA-false-HAL-true,false-7-MX_USART1_UART_Init-USART1-false-HAL-true,0-MX_CORTEX_M0+_Init-CORTEX_M0+-false-HAL-true,0-MX_PWR_Init-PWR-false-HAL-true
RADIO.CFG_NUM_RADIO_TASKS=2
RADIO.IPParameters=CFG_NUM_RADIO_TASKS
RADIO_TIMER.IPParameters=enableInitialCalibration,periodicCalibrationInterval
RADIO_TIMER.enableInitialCalibration=FALSE
RADIO_TIMER.periodicCalibrationInterval=0
RCC.BLEFreq_VALUE=16000000
RCC.BLEMultSource=RCC_RF_CLK_16M
RCC.CLKI2S3Freq_VALUE=64000000
RCC.CLKSYSFreq_VALUE=32000000
RCC.ClkSMPSFreq_VALUE=4000000
RCC.FamilyName=M
RCC.HSE_VALUE=32000000
RCC.HSI_VALUE=64000000
RCC.IPParameters=BLEFreq_VALUE,BLEMultSource,CLKI2S3Freq_VALUE,CLKSYSFreq_VALUE,ClkSMPSFreq_VALUE,FamilyName,HSE_VALUE,HSI_VALUE,LPUARTFreq_VALUE,LSCOPinFreq_Value,LSE_Drive_Capability,LSE_Timout,LSI_VALUE,MCO1PinFreq_Value,RC64MPLLSource,RTCClockSelection,RTCFreq_Value,SYSCLK64Divider,SysCLKFreq_VALUE
RCC.LPUARTFreq_VALUE=16000000
RCC.LSCOPinFreq_Value=32000
RCC.LSE_Drive_Capability=RCC_LSEDRIVE_MEDIUMLOW
RCC.LSE_Timout=100
RCC.LSI_VALUE=32000
RCC.MCO1PinFreq_Value=32000000
RCC.RC64MPLLSource=RCC_LSCOSOURCE_PLL64
RCC.RTCClockSelection=RCC_RTC_WDG_BLEWKUP_CLKSOURCE_LSE
RCC.RTCFreq_Value=32768
RCC.SYSCLK64Divider=RCC_RC64MPLL_DIV2
RCC.SysCLKFreq_VALUE=64000000
RF1.Mode=RF1_Activate
RF1.Signal=RADIO_RF1
SH.GPXTI0.0=GPIO_EXTI0
SH.GPXTI0.ConfNb=1
SH.GPXTI14.0=GPIO_EXTI14
SH.GPXTI14.ConfNb=1
SH.GPXTI5.0=GPIO_EXTI5
SH.GPXTI5.ConfNb=1
USART1.IPParameters=VirtualMode-Asynchronous
USART1.VirtualMode-Asynchronous=VM_ASYNC
VP_MEMORYMAP_VS_MEMORYMAP.Mode=CurAppReg
VP_MEMORYMAP_VS_MEMORYMAP.Signal=MEMORYMAP_VS_MEMORYMAP
VP_PKA_VS_PKA.Mode=PKA_Activate
VP_PKA_VS_PKA.Signal=PKA_VS_PKA
VP_PWR_VS_SECSignals.Mode=Security/Privilege
VP_PWR_VS_SECSignals.Signal=PWR_VS_SECSignals
VP_RADIO_TIMER_VS_RADIO.Mode=RADIO_Activate
VP_RADIO_TIMER_VS_RADIO.Signal=RADIO_TIMER_VS_RADIO
VP_RNG_VS_RNG.Mode=RNG_Activate
VP_RNG_VS_RNG.Signal=RNG_VS_RNG
VP_SYS_VS_Systick.Mode=SysTick
VP_SYS_VS_Systick.Signal=SYS_VS_Systick
board=custom
